
Microsoft Visual Studio Solution File, Format Version 12.00
# Visual Studio Version 17
VisualStudioVersion = 17.9.34616.47
MinimumVisualStudioVersion = 10.0.40219.1
Project("{FAE04EC0-301F-11D3-BF4B-00C04F79EFBC}") = "Group2_iCLOTHINGApp", "Group2_iCLOTHINGApp\Group2_iCLOTHINGApp.csproj", "{DB9C1798-B884-4EF4-9B5C-97E9038AD275}"
EndProject
Global
	GlobalSection(SolutionConfigurationPlatforms) = preSolution
		Debug|Any CPU = Debug|Any CPU
		Release|Any CPU = Release|Any CPU
	EndGlobalSection
	GlobalSection(ProjectConfigurationPlatforms) = postSolution
		{DB9C1798-B884-4EF4-9B5C-97E9038AD275}.Debug|Any CPU.ActiveCfg = Debug|Any CPU
		{DB9C1798-B884-4EF4-9B5C-97E9038AD275}.Debug|Any CPU.Build.0 = Debug|Any CPU
		{DB9C1798-B884-4EF4-9B5C-97E9038AD275}.Release|Any CPU.ActiveCfg = Release|Any CPU
		{DB9C1798-B884-4EF4-9B5C-97E9038AD275}.Release|Any CPU.Build.0 = Release|Any CPU
	EndGlobalSection
	GlobalSection(SolutionProperties) = preSolution
		HideSolutionNode = FALSE
	EndGlobalSection
	GlobalSection(ExtensibilityGlobals) = postSolution
		SolutionGuid = {13CDDFE5-C876-428A-B461-70BA071DD44B}
	EndGlobalSection
EndGlobal
